// !$*UTF8*$!
{
	archiveVersion = 1;
	classes = {
	};
	objectVersion = 55;
	objects = {

/* Begin PBXBuildFile section */
		AFEF17BD28BCE27400627A00 /* countdownApp.swift in Sources */ = {isa = PBXBuildFile; fileRef = AFEF17BC28BCE27400627A00 /* countdownApp.swift */; };
		AFEF17BF28BCE27400627A00 /* ContentView.swift in Sources */ = {isa = PBXBuildFile; fileRef = AFEF17BE28BCE27400627A00 /* ContentView.swift */; };
		AFEF17C128BCE27700627A00 /* Assets.xcassets in Resources */ = {isa = PBXBuildFile; fileRef = AFEF17C028BCE27700627A00 /* Assets.xcassets */; };
		AFEF17C428BCE27700627A00 /* Preview Assets.xcassets in Resources */ = {isa = PBXBuildFile; fileRef = AFEF17C328BCE27700627A00 /* Preview Assets.xcassets */; };
		AFEF17CE28BCE27700627A00 /* countdownTests.swift in Sources */ = {isa = PBXBuildFile; fileRef = AFEF17CD28BCE27700627A00 /* countdownTests.swift */; };
		AFEF17D828BCE27700627A00 /* countdownUITests.swift in Sources */ = {isa = PBXBuildFile; fileRef = AFEF17D728BCE27700627A00 /* countdownUITests.swift */; };
		AFEF17DA28BCE27700627A00 /* countdownUITestsLaunchTests.swift in Sources */ = {isa = PBXBuildFile; fileRef = AFEF17D928BCE27700627A00 /* countdownUITestsLaunchTests.swift */; };
/* End PBXBuildFile section */

/* Begin PBXContainerItemProxy section */
		AFEF17CA28BCE27700627A00 /* PBXContainerItemProxy */ = {
			isa = PBXContainerItemProxy;
			containerPortal = AFEF17B128BCE27400627A00 /* Project object */;
			proxyType = 1;
			remoteGlobalIDString = AFEF17B828BCE27400627A00;
			remoteInfo = countdown;
		};
		AFEF17D428BCE27700627A00 /* PBXContainerItemProxy */ = {
			isa = PBXContainerItemProxy;
			containerPortal = AFEF17B128BCE27400627A00 /* Project object */;
			proxyType = 1;
			remoteGlobalIDString = AFEF17B828BCE27400627A00;
			remoteInfo = countdown;
		};
/* End PBXContainerItemProxy section */

/* Begin PBXFileReference section */
		AFEF17B928BCE27400627A00 /* countdown.app */ = {isa = PBXFileReference; explicitFileType = wrapper.application; includeInIndex = 0; path = countdown.app; sourceTree = BUILT_PRODUCTS_DIR; };
		AFEF17BC28BCE27400627A00 /* countdownApp.swift */ = {isa = PBXFileReference; lastKnownFileType = sourcecode.swift; path = countdownApp.swift; sourceTree = "<group>"; };
		AFEF17BE28BCE27400627A00 /* ContentView.swift */ = {isa = PBXFileReference; lastKnownFileType = sourcecode.swift; path = ContentView.swift; sourceTree = "<group>"; };
		AFEF17C028BCE27700627A00 /* Assets.xcassets */ = {isa = PBXFileReference; lastKnownFileType = folder.assetcatalog; path = Assets.xcassets; sourceTree = "<group>"; };
		AFEF17C328BCE27700627A00 /* Preview Assets.xcassets */ = {isa = PBXFileReference; lastKnownFileType = folder.assetcatalog; path = "Preview Assets.xcassets"; sourceTree = "<group>"; };
		AFEF17C928BCE27700627A00 /* countdownTests.xctest */ = {isa = PBXFileReference; explicitFileType = wrapper.cfbundle; includeInIndex = 0; path = countdownTests.xctest; sourceTree = BUILT_PRODUCTS_DIR; };
		AFEF17CD28BCE27700627A00 /* countdownTests.swift */ = {isa = PBXFileReference; lastKnownFileType = sourcecode.swift; path = countdownTests.swift; sourceTree = "<group>"; };
		AFEF17D328BCE27700627A00 /* countdownUITests.xctest */ = {isa = PBXFileReference; explicitFileType = wrapper.cfbundle; includeInIndex = 0; path = countdownUITests.xctest; sourceTree = BUILT_PRODUCTS_DIR; };
		AFEF17D728BCE27700627A00 /* countdownUITests.swift */ = {isa = PBXFileReference; lastKnownFileType = sourcecode.swift; path = countdownUITests.swift; sourceTree = "<group>"; };
		AFEF17D928BCE27700627A00 /* countdownUITestsLaunchTests.swift */ = {isa = PBXFileReference; lastKnownFileType = sourcecode.swift; path = countdownUITestsLaunchTests.swift; sourceTree = "<group>"; };
/* End PBXFileReference section */

/* Begin PBXFrameworksBuildPhase section */
		AFEF17B628BCE27400627A00 /* Frameworks */ = {
			isa = PBXFrameworksBuildPhase;
			buildActionMask = 2147483647;
			files = (
			);
			runOnlyForDeploymentPostprocessing = 0;
		};
		AFEF17C628BCE27700627A00 /* Frameworks */ = {
			isa = PBXFrameworksBuildPhase;
			buildActionMask = 2147483647;
			files = (
			);
			runOnlyForDeploymentPostprocessing = 0;
		};
		AFEF17D028BCE27700627A00 /* Frameworks */ = {
			isa = PBXFrameworksBuildPhase;
			buildActionMask = 2147483647;
			files = (
			);
			runOnlyForDeploymentPostprocessing = 0;
		};
/* End PBXFrameworksBuildPhase section */

/* Begin PBXGroup section */
		AFEF17B028BCE27400627A00 = {
			isa = PBXGroup;
			children = (
				AFEF17BB28BCE27400627A00 /* countdown */,
				AFEF17CC28BCE27700627A00 /* countdownTests */,
				AFEF17D628BCE27700627A00 /* countdownUITests */,
				AFEF17BA28BCE27400627A00 /* Products */,
			);
			sourceTree = "<group>";
		};
		AFEF17BA28BCE27400627A00 /* Products */ = {
			isa = PBXGroup;
			children = (
				AFEF17B928BCE27400627A00 /* countdown.app */,
				AFEF17C928BCE27700627A00 /* countdownTests.xctest */,
				AFEF17D328BCE27700627A00 /* countdownUITests.xctest */,
			);
			name = Products;
			sourceTree = "<group>";
		};
		AFEF17BB28BCE27400627A00 /* countdown */ = {
			isa = PBXGroup;
			children = (
				AFEF17BC28BCE27400627A00 /* countdownApp.swift */,
				AFEF17BE28BCE27400627A00 /* ContentView.swift */,
				AFEF17C028BCE27700627A00 /* Assets.xcassets */,
				AFEF17C228BCE27700627A00 /* Preview Content */,
			);
			path = countdown;
			sourceTree = "<group>";
		};
		AFEF17C228BCE27700627A00 /* Preview Content */ = {
			isa = PBXGroup;
			children = (
				AFEF17C328BCE27700627A00 /* Preview Assets.xcassets */,
			);
			path = "Preview Content";
			sourceTree = "<group>";
		};
		AFEF17CC28BCE27700627A00 /* countdownTests */ = {
			isa = PBXGroup;
			children = (
				AFEF17CD28BCE27700627A00 /* countdownTests.swift */,
			);
			path = countdownTests;
			sourceTree = "<group>";
		};
		AFEF17D628BCE27700627A00 /* countdownUITests */ = {
			isa = PBXGroup;
			children = (
				AFEF17D728BCE27700627A00 /* countdownUITests.swift */,
				AFEF17D928BCE27700627A00 /* countdownUITestsLaunchTests.swift */,
			);
			path = countdownUITests;
			sourceTree = "<group>";
		};
/* End PBXGroup section */

/* Begin PBXNativeTarget section */
		AFEF17B828BCE27400627A00 /* countdown */ = {
			isa = PBXNativeTarget;
			buildConfigurationList = AFEF17DD28BCE27700627A00 /* Build configuration list for PBXNativeTarget "countdown" */;
			buildPhases = (
				AFEF17B528BCE27400627A00 /* Sources */,
				AFEF17B628BCE27400627A00 /* Frameworks */,
				AFEF17B728BCE27400627A00 /* Resources */,
			);
			buildRules = (
			);
			dependencies = (
			);
			name = countdown;
			productName = countdown;
			productReference = AFEF17B928BCE27400627A00 /* countdown.app */;
			productType = "com.apple.product-type.application";
		};
		AFEF17C828BCE27700627A00 /* countdownTests */ = {
			isa = PBXNativeTarget;
			buildConfigurationList = AFEF17E028BCE27700627A00 /* Build configuration list for PBXNativeTarget "countdownTests" */;
			buildPhases = (
				AFEF17C528BCE27700627A00 /* Sources */,
				AFEF17C628BCE27700627A00 /* Frameworks */,
				AFEF17C728BCE27700627A00 /* Resources */,
			);
			buildRules = (
			);
			dependencies = (
				AFEF17CB28BCE27700627A00 /* PBXTargetDependency */,
			);
			name = countdownTests;
			productName = countdownTests;
			productReference = AFEF17C928BCE27700627A00 /* countdownTests.xctest */;
			productType = "com.apple.product-type.bundle.unit-test";
		};
		AFEF17D228BCE27700627A00 /* countdownUITests */ = {
			isa = PBXNativeTarget;
			buildConfigurationList = AFEF17E328BCE27700627A00 /* Build configuration list for PBXNativeTarget "countdownUITests" */;
			buildPhases = (
				AFEF17CF28BCE27700627A00 /* Sources */,
				AFEF17D028BCE27700627A00 /* Frameworks */,
				AFEF17D128BCE27700627A00 /* Resources */,
			);
			buildRules = (
			);
			dependencies = (
				AFEF17D528BCE27700627A00 /* PBXTargetDependency */,
			);
			name = countdownUITests;
			productName = countdownUITests;
			productReference = AFEF17D328BCE27700627A00 /* countdownUITests.xctest */;
			productType = "com.apple.product-type.bundle.ui-testing";
		};
/* End PBXNativeTarget section */

/* Begin PBXProject section */
		AFEF17B128BCE27400627A00 /* Project object */ = {
			isa = PBXProject;
			attributes = {
				BuildIndependentTargetsInParallel = 1;
				LastSwiftUpdateCheck = 1340;
				LastUpgradeCheck = 1340;
				TargetAttributes = {
					AFEF17B828BCE27400627A00 = {
						CreatedOnToolsVersion = 13.4.1;
					};
					AFEF17C828BCE27700627A00 = {
						CreatedOnToolsVersion = 13.4.1;
						TestTargetID = AFEF17B828BCE27400627A00;
					};
					AFEF17D228BCE27700627A00 = {
						CreatedOnToolsVersion = 13.4.1;
						TestTargetID = AFEF17B828BCE27400627A00;
					};
				};
			};
			buildConfigurationList = AFEF17B428BCE27400627A00 /* Build configuration list for PBXProject "countdown" */;
			compatibilityVersion = "Xcode 13.0";
			developmentRegion = en;
			hasScannedForEncodings = 0;
			knownRegions = (
				en,
				Base,
			);
			mainGroup = AFEF17B028BCE27400627A00;
			productRefGroup = AFEF17BA28BCE27400627A00 /* Products */;
			projectDirPath = "";
			projectRoot = "";
			targets = (
				AFEF17B828BCE27400627A00 /* countdown */,
				AFEF17C828BCE27700627A00 /* countdownTests */,
				AFEF17D228BCE27700627A00 /* countdownUITests */,
			);
		};
/* End PBXProject section */

/* Begin PBXResourcesBuildPhase section */
		AFEF17B728BCE27400627A00 /* Resources */ = {
			isa = PBXResourcesBuildPhase;
			buildActionMask = 2147483647;
			files = (
				AFEF17C428BCE27700627A00 /* Preview Assets.xcassets in Resources */,
				AFEF17C128BCE27700627A00 /* Assets.xcassets in Resources */,
			);
			runOnlyForDeploymentPostprocessing = 0;
		};
		AFEF17C728BCE27700627A00 /* Resources */ = {
			isa = PBXResourcesBuildPhase;
			buildActionMask = 2147483647;
			files = (
			);
			runOnlyForDeploymentPostprocessing = 0;
		};
		AFEF17D128BCE27700627A00 /* Resources */ = {
			isa = PBXResourcesBuildPhase;
			buildActionMask = 2147483647;
			files = (
			);
			runOnlyForDeploymentPostprocessing = 0;
		};
/* End PBXResourcesBuildPhase section */

/* Begin PBXSourcesBuildPhase section */
		AFEF17B528BCE27400627A00 /* Sources */ = {
			isa = PBXSourcesBuildPhase;
			buildActionMask = 2147483647;
			files = (
				AFEF17BF28BCE27400627A00 /* ContentView.swift in Sources */,
				AFEF17BD28BCE27400627A00 /* countdownApp.swift in Sources */,
			);
			runOnlyForDeploymentPostprocessing = 0;
		};
		AFEF17C528BCE27700627A00 /* Sources */ = {
			isa = PBXSourcesBuildPhase;
			buildActionMask = 2147483647;
			files = (
				AFEF17CE28BCE27700627A00 /* countdownTests.swift in Sources */,
			);
			runOnlyForDeploymentPostprocessing = 0;
		};
		AFEF17CF28BCE27700627A00 /* Sources */ = {
			isa = PBXSourcesBuildPhase;
			buildActionMask = 2147483647;
			files = (
				AFEF17DA28BCE27700627A00 /* countdownUITestsLaunchTests.swift in Sources */,
				AFEF17D828BCE27700627A00 /* countdownUITests.swift in Sources */,
			);
			runOnlyForDeploymentPostprocessing = 0;
		};
/* End PBXSourcesBuildPhase section */

/* Begin PBXTargetDependency section */
		AFEF17CB28BCE27700627A00 /* PBXTargetDependency */ = {
			isa = PBXTargetDependency;
			target = AFEF17B828BCE27400627A00 /* countdown */;
			targetProxy = AFEF17CA28BCE27700627A00 /* PBXContainerItemProxy */;
		};
		AFEF17D528BCE27700627A00 /* PBXTargetDependency */ = {
			isa = PBXTargetDependency;
			target = AFEF17B828BCE27400627A00 /* countdown */;
			targetProxy = AFEF17D428BCE27700627A00 /* PBXContainerItemProxy */;
		};
/* End PBXTargetDependency section */

/* Begin XCBuildConfiguration section */
		AFEF17DB28BCE27700627A00 /* Debug */ = {
			isa = XCBuildConfiguration;
			buildSettings = {
				ALWAYS_SEARCH_USER_PATHS = NO;
				CLANG_ANALYZER_NONNULL = YES;
				CLANG_ANALYZER_NUMBER_OBJECT_CONVERSION = YES_AGGRESSIVE;
				CLANG_CXX_LANGUAGE_STANDARD = "gnu++17";
				CLANG_ENABLE_MODULES = YES;
				CLANG_ENABLE_OBJC_ARC = YES;
				CLANG_ENABLE_OBJC_WEAK = YES;
				CLANG_WARN_BLOCK_CAPTURE_AUTORELEASING = YES;
				CLANG_WARN_BOOL_CONVERSION = YES;
				CLANG_WARN_COMMA = YES;
				CLANG_WARN_CONSTANT_CONVERSION = YES;
				CLANG_WARN_DEPRECATED_OBJC_IMPLEMENTATIONS = YES;
				CLANG_WARN_DIRECT_OBJC_ISA_USAGE = YES_ERROR;
				CLANG_WARN_DOCUMENTATION_COMMENTS = YES;
				CLANG_WARN_EMPTY_BODY = YES;
				CLANG_WARN_ENUM_CONVERSION = YES;
				CLANG_WARN_INFINITE_RECURSION = YES;
				CLANG_WARN_INT_CONVERSION = YES;
				CLANG_WARN_NON_LITERAL_NULL_CONVERSION = YES;
				CLANG_WARN_OBJC_IMPLICIT_RETAIN_SELF = YES;
				CLANG_WARN_OBJC_LITERAL_CONVERSION = YES;
				CLANG_WARN_OBJC_ROOT_CLASS = YES_ERROR;
				CLANG_WARN_QUOTED_INCLUDE_IN_FRAMEWORK_HEADER = YES;
				CLANG_WARN_RANGE_LOOP_ANALYSIS = YES;
				CLANG_WARN_STRICT_PROTOTYPES = YES;
				CLANG_WARN_SUSPICIOUS_MOVE = YES;
				CLANG_WARN_UNGUARDED_AVAILABILITY = YES_AGGRESSIVE;
				CLANG_WARN_UNREACHABLE_CODE = YES;
				CLANG_WARN__DUPLICATE_METHOD_MATCH = YES;
				COPY_PHASE_STRIP = NO;
				DEBUG_INFORMATION_FORMAT = dwarf;
				ENABLE_STRICT_OBJC_MSGSEND = YES;
				ENABLE_TESTABILITY = YES;
				GCC_C_LANGUAGE_STANDARD = gnu11;
				GCC_DYNAMIC_NO_PIC = NO;
				GCC_NO_COMMON_BLOCKS = YES;
				GCC_OPTIMIZATION_LEVEL = 0;
				GCC_PREPROCESSOR_DEFINITIONS = (
					"DEBUG=1",
					"$(inherited)",
				);
				GCC_WARN_64_TO_32_BIT_CONVERSION = YES;
				GCC_WARN_ABOUT_RETURN_TYPE = YES_ERROR;
				GCC_WARN_UNDECLARED_SELECTOR = YES;
				GCC_WARN_UNINITIALIZED_AUTOS = YES_AGGRESSIVE;
				GCC_WARN_UNUSED_FUNCTION = YES;
				GCC_WARN_UNUSED_VARIABLE = YES;
				IPHONEOS_DEPLOYMENT_TARGET = 15.5;
				MTL_ENABLE_DEBUG_INFO = INCLUDE_SOURCE;
				MTL_FAST_MATH = YES;
				ONLY_ACTIVE_ARCH = YES;
				SDKROOT = iphoneos;
				SWIFT_ACTIVE_COMPILATION_CONDITIONS = DEBUG;
				SWIFT_OPTIMIZATION_LEVEL = "-Onone";
			};
			name = Debug;
		};
		AFEF17DC28BCE27700627A00 /* Release */ = {
			isa = XCBuildConfiguration;
			buildSettings = {
				ALWAYS_SEARCH_USER_PATHS = NO;
				CLANG_ANALYZER_NONNULL = YES;
				CLANG_ANALYZER_NUMBER_OBJECT_CONVERSION = YES_AGGRESSIVE;
				CLANG_CXX_LANGUAGE_STANDARD = "gnu++17";
				CLANG_ENABLE_MODULES = YES;
				CLANG_ENABLE_OBJC_ARC = YES;
				CLANG_ENABLE_OBJC_WEAK = YES;
				CLANG_WARN_BLOCK_CAPTURE_AUTORELEASING = YES;
				CLANG_WARN_BOOL_CONVERSION = YES;
				CLANG_WARN_COMMA = YES;
				CLANG_WARN_CONSTANT_CONVERSION = YES;
				CLANG_WARN_DEPRECATED_OBJC_IMPLEMENTATIONS = YES;
				CLANG_WARN_DIRECT_OBJC_ISA_USAGE = YES_ERROR;
				CLANG_WARN_DOCUMENTATION_COMMENTS = YES;
				CLANG_WARN_EMPTY_BODY = YES;
				CLANG_WARN_ENUM_CONVERSION = YES;
				CLANG_WARN_INFINITE_RECURSION = YES;
				CLANG_WARN_INT_CONVERSION = YES;
				CLANG_WARN_NON_LITERAL_NULL_CONVERSION = YES;
				CLANG_WARN_OBJC_IMPLICIT_RETAIN_SELF = YES;
				CLANG_WARN_OBJC_LITERAL_CONVERSION = YES;
				CLANG_WARN_OBJC_ROOT_CLASS = YES_ERROR;
				CLANG_WARN_QUOTED_INCLUDE_IN_FRAMEWORK_HEADER = YES;
				CLANG_WARN_RANGE_LOOP_ANALYSIS = YES;
				CLANG_WARN_STRICT_PROTOTYPES = YES;
				CLANG_WARN_SUSPICIOUS_MOVE = YES;
				CLANG_WARN_UNGUARDED_AVAILABILITY = YES_AGGRESSIVE;
				CLANG_WARN_UNREACHABLE_CODE = YES;
				CLANG_WARN__DUPLICATE_METHOD_MATCH = YES;
				COPY_PHASE_STRIP = NO;
				DEBUG_INFORMATION_FORMAT = "dwarf-with-dsym";
				ENABLE_NS_ASSERTIONS = NO;
				ENABLE_STRICT_OBJC_MSGSEND = YES;
				GCC_C_LANGUAGE_STANDARD = gnu11;
				GCC_NO_COMMON_BLOCKS = YES;
				GCC_WARN_64_TO_32_BIT_CONVERSION = YES;
				GCC_WARN_ABOUT_RETURN_TYPE = YES_ERROR;
				GCC_WARN_UNDECLARED_SELECTOR = YES;
				GCC_WARN_UNINITIALIZED_AUTOS = YES_AGGRESSIVE;
				GCC_WARN_UNUSED_FUNCTION = YES;
				GCC_WARN_UNUSED_VARIABLE = YES;
				IPHONEOS_DEPLOYMENT_TARGET = 15.5;
				MTL_ENABLE_DEBUG_INFO = NO;
				MTL_FAST_MATH = YES;
				SDKROOT = iphoneos;
				SWIFT_COMPILATION_MODE = wholemodule;
				SWIFT_OPTIMIZATION_LEVEL = "-O";
				VALIDATE_PRODUCT = YES;
			};
			name = Release;
		};
		AFEF17DE28BCE27700627A00 /* Debug */ = {
			isa = XCBuildConfiguration;
			buildSettings = {
				ASSETCATALOG_COMPILER_APPICON_NAME = AppIcon;
				ASSETCATALOG_COMPILER_GLOBAL_ACCENT_COLOR_NAME = AccentColor;
				CODE_SIGN_STYLE = Automatic;
				CURRENT_PROJECT_VERSION = 1;
				DEVELOPMENT_ASSET_PATHS = "\"countdown/Preview Content\"";
				ENABLE_PREVIEWS = YES;
				GENERATE_INFOPLIST_FILE = YES;
				INFOPLIST_KEY_UIApplicationSceneManifest_Generation = YES;
				INFOPLIST_KEY_UIApplicationSupportsIndirectInputEvents = YES;
				INFOPLIST_KEY_UILaunchScreen_Generation = YES;
				INFOPLIST_KEY_UISupportedInterfaceOrientations_iPad = "UIInterfaceOrientationPortrait UIInterfaceOrientationPortraitUpsideDown UIInterfaceOrientationLandscapeLeft UIInterfaceOrientationLandscapeRight";
				INFOPLIST_KEY_UISupportedInterfaceOrientations_iPhone = "UIInterfaceOrientationPortrait UIInterfaceOrientationLandscapeLeft UIInterfaceOrientationLandscapeRight";
				LD_RUNPATH_SEARCH_PATHS = (
					"$(inherited)",
					"@executable_path/Frameworks",
				);
				MARKETING_VERSION = 1.0;
				PRODUCT_BUNDLE_IDENTIFIER = lior.countdown;
				PRODUCT_NAME = "$(TARGET_NAME)";
				SWIFT_EMIT_LOC_STRINGS = YES;
				SWIFT_VERSION = 5.0;
				TARGETED_DEVICE_FAMILY = "1,2";
			};
			name = Debug;
		};
		AFEF17DF28BCE27700627A00 /* Release */ = {
			isa = XCBuildConfiguration;
			buildSettings = {
				ASSETCATALOG_COMPILER_APPICON_NAME = AppIcon;
				ASSETCATALOG_COMPILER_GLOBAL_ACCENT_COLOR_NAME = AccentColor;
				CODE_SIGN_STYLE = Automatic;
				CURRENT_PROJECT_VERSION = 1;
				DEVELOPMENT_ASSET_PATHS = "\"countdown/Preview Content\"";
				ENABLE_PREVIEWS = YES;
				GENERATE_INFOPLIST_FILE = YES;
				INFOPLIST_KEY_UIApplicationSceneManifest_Generation = YES;
				INFOPLIST_KEY_UIApplicationSupportsIndirectInputEvents = YES;
				INFOPLIST_KEY_UILaunchScreen_Generation = YES;
				INFOPLIST_KEY_UISupportedInterfaceOrientations_iPad = "UIInterfaceOrientationPortrait UIInterfaceOrientationPortraitUpsideDown UIInterfaceOrientationLandscapeLeft UIInterfaceOrientationLandscapeRight";
				INFOPLIST_KEY_UISupportedInterfaceOrientations_iPhone = "UIInterfaceOrientationPortrait UIInterfaceOrientationLandscapeLeft UIInterfaceOrientationLandscapeRight";
				LD_RUNPATH_SEARCH_PATHS = (
					"$(inherited)",
					"@executable_path/Frameworks",
				);
				MARKETING_VERSION = 1.0;
				PRODUCT_BUNDLE_IDENTIFIER = lior.countdown;
				PRODUCT_NAME = "$(TARGET_NAME)";
				SWIFT_EMIT_LOC_STRINGS = YES;
				SWIFT_VERSION = 5.0;
				TARGETED_DEVICE_FAMILY = "1,2";
			};
			name = Release;
		};
		AFEF17E128BCE27700627A00 /* Debug */ = {
			isa = XCBuildConfiguration;
			buildSettings = {
				ALWAYS_EMBED_SWIFT_STANDARD_LIBRARIES = YES;
				BUNDLE_LOADER = "$(TEST_HOST)";
				CODE_SIGN_STYLE = Automatic;
				CURRENT_PROJECT_VERSION = 1;
				GENERATE_INFOPLIST_FILE = YES;
				IPHONEOS_DEPLOYMENT_TARGET = 15.5;
				MARKETING_VERSION = 1.0;
				PRODUCT_BUNDLE_IDENTIFIER = lior.countdownTests;
				PRODUCT_NAME = "$(TARGET_NAME)";
				SWIFT_EMIT_LOC_STRINGS = NO;
				SWIFT_VERSION = 5.0;
				TARGETED_DEVICE_FAMILY = "1,2";
				TEST_HOST = "$(BUILT_PRODUCTS_DIR)/countdown.app/countdown";
			};
			name = Debug;
		};
		AFEF17E228BCE27700627A00 /* Release */ = {
			isa = XCBuildConfiguration;
			buildSettings = {
				ALWAYS_EMBED_SWIFT_STANDARD_LIBRARIES = YES;
				BUNDLE_LOADER = "$(TEST_HOST)";
				CODE_SIGN_STYLE = Automatic;
				CURRENT_PROJECT_VERSION = 1;
				GENERATE_INFOPLIST_FILE = YES;
				IPHONEOS_DEPLOYMENT_TARGET = 15.5;
				MARKETING_VERSION = 1.0;
				PRODUCT_BUNDLE_IDENTIFIER = lior.countdownTests;
				PRODUCT_NAME = "$(TARGET_NAME)";
				SWIFT_EMIT_LOC_STRINGS = NO;
				SWIFT_VERSION = 5.0;
				TARGETED_DEVICE_FAMILY = "1,2";
				TEST_HOST = "$(BUILT_PRODUCTS_DIR)/countdown.app/countdown";
			};
			name = Release;
		};
		AFEF17E428BCE27700627A00 /* Debug */ = {
			isa = XCBuildConfiguration;
			buildSettings = {
				ALWAYS_EMBED_SWIFT_STANDARD_LIBRARIES = YES;
				CODE_SIGN_STYLE = Automatic;
				CURRENT_PROJECT_VERSION = 1;
				GENERATE_INFOPLIST_FILE = YES;
				MARKETING_VERSION = 1.0;
				PRODUCT_BUNDLE_IDENTIFIER = lior.countdownUITests;
				PRODUCT_NAME = "$(TARGET_NAME)";
				SWIFT_EMIT_LOC_STRINGS = NO;
				SWIFT_VERSION = 5.0;
				TARGETED_DEVICE_FAMILY = "1,2";
				TEST_TARGET_NAME = countdown;
			};
			name = Debug;
		};
		AFEF17E528BCE27700627A00 /* Release */ = {
			isa = XCBuildConfiguration;
			buildSettings = {
				ALWAYS_EMBED_SWIFT_STANDARD_LIBRARIES = YES;
				CODE_SIGN_STYLE = Automatic;
				CURRENT_PROJECT_VERSION = 1;
				GENERATE_INFOPLIST_FILE = YES;
				MARKETING_VERSION = 1.0;
				PRODUCT_BUNDLE_IDENTIFIER = lior.countdownUITests;
				PRODUCT_NAME = "$(TARGET_NAME)";
				SWIFT_EMIT_LOC_STRINGS = NO;
				SWIFT_VERSION = 5.0;
				TARGETED_DEVICE_FAMILY = "1,2";
				TEST_TARGET_NAME = countdown;
			};
			name = Release;
		};
/* End XCBuildConfiguration section */

/* Begin XCConfigurationList section */
		AFEF17B428BCE27400627A00 /* Build configuration list for PBXProject "countdown" */ = {
			isa = XCConfigurationList;
			buildConfigurations = (
				AFEF17DB28BCE27700627A00 /* Debug */,
				AFEF17DC28BCE27700627A00 /* Release */,
			);
			defaultConfigurationIsVisible = 0;
			defaultConfigurationName = Release;
		};
		AFEF17DD28BCE27700627A00 /* Build configuration list for PBXNativeTarget "countdown" */ = {
			isa = XCConfigurationList;
			buildConfigurations = (
				AFEF17DE28BCE27700627A00 /* Debug */,
				AFEF17DF28BCE27700627A00 /* Release */,
			);
			defaultConfigurationIsVisible = 0;
			defaultConfigurationName = Release;
		};
		AFEF17E028BCE27700627A00 /* Build configuration list for PBXNativeTarget "countdownTests" */ = {
			isa = XCConfigurationList;
			buildConfigurations = (
				AFEF17E128BCE27700627A00 /* Debug */,
				AFEF17E228BCE27700627A00 /* Release */,
			);
			defaultConfigurationIsVisible = 0;
			defaultConfigurationName = Release;
		};
		AFEF17E328BCE27700627A00 /* Build configuration list for PBXNativeTarget "countdownUITests" */ = {
			isa = XCConfigurationList;
			buildConfigurations = (
				AFEF17E428BCE27700627A00 /* Debug */,
				AFEF17E528BCE27700627A00 /* Release */,
			);
			defaultConfigurationIsVisible = 0;
			defaultConfigurationName = Release;
		};
/* End XCConfigurationList section */
	};
	rootObject = AFEF17B128BCE27400627A00 /* Project object */;
}
